schema: '2.0'
stages:
  validate:
    cmd: python pipeline/scripts/validate.py --coco data/raw/coco.json --out 
      data/processed/coco.validated.json
    deps:
    - path: data/raw/coco.json
      hash: md5
      md5: c500a26a26fb79044c9d72654f9ae6cb
      size: 405197
    - path: pipeline/scripts/validate.py
      hash: md5
      md5: 688e9f6a9d7f1f6a628fb0ca52cfe9f8
      size: 740
    - path: pipeline/src/dataset_pipeline/coco
      hash: md5
      md5: d38313a14db19ee95545c86afca22414.dir
      size: 13557
      nfiles: 6
    outs:
    - path: data/processed/coco.validated.json
      hash: md5
      md5: c500a26a26fb79044c9d72654f9ae6cb
      size: 405197
  analyze:
    cmd: python pipeline/scripts/analyze.py --coco 
      data/processed/coco.validated.json --images-dir data/raw/images 
      --quality-policy quality.yaml --out data/processed/quality_metrics.json
    deps:
    - path: data/processed/coco.validated.json
      hash: md5
      md5: c500a26a26fb79044c9d72654f9ae6cb
      size: 405197
    - path: data/raw/images
      hash: md5
      md5: d610dca5229fa7d2150630e12fbd7401.dir
      size: 69005614
      nfiles: 369
    - path: pipeline/scripts/analyze.py
      hash: md5
      md5: 66d0021d7818e853dd8d24cf8ec8fd83
      size: 3223
    - path: pipeline/src/dataset_pipeline/analyzers
      hash: md5
      md5: 54b2b3a8e164ea3308211641b586ea8f.dir
      size: 9771
      nfiles: 6
    - path: quality.yaml
      hash: md5
      md5: 9a8baaf8c0a29fef37c9b10a08aedad4
      size: 428
    outs:
    - path: data/processed/quality_metrics.json
      hash: md5
      md5: 9e1bd553f7c00acc605cfdca5576b6a5
      size: 1005
  split:
    cmd: python pipeline/scripts/split.py --coco 
      data/processed/coco.validated.json --splits-config splits.yaml 
      --quality-metrics data/processed/quality_metrics.json --out 
      data/processed/splits.json
    deps:
    - path: data/processed/coco.validated.json
      hash: md5
      md5: c500a26a26fb79044c9d72654f9ae6cb
      size: 405197
    - path: data/processed/quality_metrics.json
      hash: md5
      md5: 9e1bd553f7c00acc605cfdca5576b6a5
      size: 1005
    - path: pipeline/scripts/split.py
      hash: md5
      md5: 19d61b6ba7b5a46cefb8f5fd0f8199c3
      size: 1322
    - path: pipeline/src/dataset_pipeline/splits
      hash: md5
      md5: 493b364f7ceeca6388307dc5e6ab0e38.dir
      size: 4470
      nfiles: 2
    - path: splits.yaml
      hash: md5
      md5: e26130fdf7228e4bf2399d0e19ad0255
      size: 162
    outs:
    - path: data/processed/splits.json
      hash: md5
      md5: cdd8c4c05c663b2bc39df8472baa538a
      size: 7684
