schema: '2.0'
stages:
  validate:
    cmd: python pipeline/scripts/validate.py --coco data/raw/coco.json --out 
      data/processed/coco.validated.json
    deps:
    - path: data/raw/coco.json
      hash: md5
      md5: 8c3d0207c6348a9faaa76260271fdde5
      size: 198344
    - path: pipeline/scripts/validate.py
      hash: md5
      md5: 688e9f6a9d7f1f6a628fb0ca52cfe9f8
      size: 740
    - path: pipeline/src/dataset_pipeline/coco
      hash: md5
      md5: 7bba31df302294d6c3051f95bf4bfc75.dir
      size: 11306
      nfiles: 5
    outs:
    - path: data/processed/coco.validated.json
      hash: md5
      md5: 8c3d0207c6348a9faaa76260271fdde5
      size: 198344
  analyze:
    cmd: python pipeline/scripts/analyze.py --coco 
      data/processed/coco.validated.json --images-dir data/raw/images 
      --quality-policy quality.yaml --out data/processed/quality_metrics.json
    deps:
    - path: data/processed/coco.validated.json
      hash: md5
      md5: 8c3d0207c6348a9faaa76260271fdde5
      size: 198344
    - path: data/raw/images
      hash: md5
      md5: 3d6bac6abde76be98a7edcffb5b596f1.dir
      size: 37831275
      nfiles: 200
    - path: pipeline/scripts/analyze.py
      hash: md5
      md5: 66d0021d7818e853dd8d24cf8ec8fd83
      size: 3223
    - path: pipeline/src/dataset_pipeline/analyzers
      hash: md5
      md5: ce165d77044e04b809d9ed38b4ecf475.dir
      size: 9712
      nfiles: 6
    - path: quality.yaml
      hash: md5
      md5: 9a8baaf8c0a29fef37c9b10a08aedad4
      size: 428
    outs:
    - path: data/processed/quality_metrics.json
      hash: md5
      md5: 92fc7258d35f2999cc7b9f170c0320dd
      size: 1032
  split:
    cmd: python pipeline/scripts/split.py --coco 
      data/processed/coco.validated.json --splits-config splits.yaml 
      --quality-metrics data/processed/quality_metrics.json --out 
      data/processed/splits.json
    deps:
    - path: data/processed/coco.validated.json
      hash: md5
      md5: 8c3d0207c6348a9faaa76260271fdde5
      size: 198344
    - path: data/processed/quality_metrics.json
      hash: md5
      md5: 92fc7258d35f2999cc7b9f170c0320dd
      size: 1032
    - path: pipeline/scripts/split.py
      hash: md5
      md5: 19d61b6ba7b5a46cefb8f5fd0f8199c3
      size: 1322
    - path: pipeline/src/dataset_pipeline/splits
      hash: md5
      md5: 493b364f7ceeca6388307dc5e6ab0e38.dir
      size: 4470
      nfiles: 2
    - path: splits.yaml
      hash: md5
      md5: e26130fdf7228e4bf2399d0e19ad0255
      size: 162
    outs:
    - path: data/processed/splits.json
      hash: md5
      md5: dbc8f39921d473239405a7728dede56a
      size: 3998
